# THIS IS AN AUTOGENERATED FILE. DO NOT EDIT THIS FILE DIRECTLY.
# yarn lockfile v1


"@babel/code-frame@^7.10.4":
  version "7.16.7"
  resolved "https://registry.npmjs.org/@babel/code-frame/-/code-frame-7.16.7.tgz"
  integrity sha512-iAXqUn8IIeBTNd72xsFlgaXHkMBMt6y4HJp1tIaK465CWLT/fG1aqB7ykr95gHHmlBdGbFeWWfyB4NJJ0nmeIg==
  dependencies:
    "@babel/highlight" "^7.16.7"

"@babel/helper-validator-identifier@^7.16.7":
  version "7.16.7"
  resolved "https://registry.npmjs.org/@babel/helper-validator-identifier/-/helper-validator-identifier-7.16.7.tgz"
  integrity sha512-hsEnFemeiW4D08A5gUAZxLBTXpZ39P+a+DGDsHw1yxqyQ/jzFEnxf5uTEGp+3bzAbNOxU1paTgYS4ECU/IgfDw==

"@babel/highlight@^7.16.7":
  version "7.16.7"
  resolved "https://registry.npmjs.org/@babel/highlight/-/highlight-7.16.7.tgz"
  integrity sha512-aKpPMfLvGO3Q97V0qhw/V2SWNWlwfJknuwAunU7wZLSfrM4xTBvg7E5opUVi1kJTBKihE38CPg4nBiqX83PWYw==
  dependencies:
    "@babel/helper-validator-identifier" "^7.16.7"
    chalk "^2.0.0"
    js-tokens "^4.0.0"

"@babel/runtime@^7.12.5":
  version "7.16.7"
  resolved "https://registry.npmjs.org/@babel/runtime/-/runtime-7.16.7.tgz"
  integrity sha512-9E9FJowqAsytyOY6LG+1KuueckRL+aQW+mKvXRXnuFGyRAyepJPmEo9vgMfXUA6O9u3IeEdv9MAkppFcaQwogQ==
  dependencies:
    regenerator-runtime "^0.13.4"

"@fortawesome/fontawesome-common-types@^0.2.36":
  version "0.2.36"
  resolved "https://registry.npmjs.org/@fortawesome/fontawesome-common-types/-/fontawesome-common-types-0.2.36.tgz"
  integrity sha512-a/7BiSgobHAgBWeN7N0w+lAhInrGxksn13uK7231n2m8EDPE3BMCl9NZLTGrj9ZXfCmC6LM0QLqXidIizVQ6yg==

"@fortawesome/fontawesome-free@^5.15.4":
  version "5.15.4"
  resolved "https://registry.npmjs.org/@fortawesome/fontawesome-free/-/fontawesome-free-5.15.4.tgz"
  integrity sha512-eYm8vijH/hpzr/6/1CJ/V/Eb1xQFW2nnUKArb3z+yUWv7HTwj6M7SP957oMjfZjAHU6qpoNc2wQvIxBLWYa/Jg==

"@fortawesome/fontawesome-svg-core@^1.2.36":
  version "1.2.36"
  resolved "https://registry.npmjs.org/@fortawesome/fontawesome-svg-core/-/fontawesome-svg-core-1.2.36.tgz"
  integrity sha512-YUcsLQKYb6DmaJjIHdDWpBIGCcyE/W+p/LMGvjQem55Mm2XWVAP5kWTMKWLv9lwpCVjpLxPyOMOyUocP1GxrtA==
  dependencies:
    "@fortawesome/fontawesome-common-types" "^0.2.36"

"@fortawesome/free-solid-svg-icons@^5.15.4":
  version "5.15.4"
  resolved "https://registry.npmjs.org/@fortawesome/free-solid-svg-icons/-/free-solid-svg-icons-5.15.4.tgz"
  integrity sha512-JLmQfz6tdtwxoihXLg6lT78BorrFyCf59SAwBM6qV/0zXyVeDygJVb3fk+j5Qat+Yvcxp1buLTY5iDh1ZSAQ8w==
  dependencies:
    "@fortawesome/fontawesome-common-types" "^0.2.36"

"@fortawesome/react-fontawesome@^0.1.16":
  version "0.1.16"
  resolved "https://registry.npmjs.org/@fortawesome/react-fontawesome/-/react-fontawesome-0.1.16.tgz"
  integrity sha512-aLmzDwC9rEOAJv2UJdMns89VZR5Ry4IHu5dQQh24Z/lWKEm44lfQr1UNalZlkUaQN8d155tNh+CS7ntntj1VMA==
  dependencies:
    prop-types "^15.7.2"

"@next/env@12.2.3":
  version "12.2.3"
  resolved "https://registry.npmjs.org/@next/env/-/env-12.2.3.tgz"
  integrity sha512-2lWKP5Xcvnor70NaaROZXBvU8z9mFReePCG8NhZw6NyNGnPvC+8s+Cre/63LAB1LKzWw/e9bZJnQUg0gYFRb2Q==

"@next/swc-android-arm-eabi@12.2.3":
  version "12.2.3"
  resolved "https://registry.yarnpkg.com/@next/swc-android-arm-eabi/-/swc-android-arm-eabi-12.2.3.tgz#91388c8ec117d59ee80d2c1d4dc65fdfd267d2d4"
  integrity sha512-JxmCW9XB5PYnkGE67BdnBTdqW0SW6oMCiPMHLdjeRi4T3U4JJKJGnjQld99+6TPOfPWigtw3W7Cijp5gc+vJ/w==

"@next/swc-android-arm64@12.2.3":
  version "12.2.3"
  resolved "https://registry.yarnpkg.com/@next/swc-android-arm64/-/swc-android-arm64-12.2.3.tgz#9be33553861f6494616b910a23abd5a1b0d7fb4b"
  integrity sha512-3l4zXpWnzy0fqoedsFRxzMy/eGlMMqn6IwPEuBmtEQ4h7srmQFHyT+Bk+eVHb0o1RQ7/TloAa+mu8JX5tz/5tA==

"@next/swc-darwin-arm64@12.2.3":
  version "12.2.3"
  resolved "https://registry.npmjs.org/@next/swc-darwin-arm64/-/swc-darwin-arm64-12.2.3.tgz"
  integrity sha512-eutDO/RH6pf7+8zHo3i2GKLhF0qaMtxWpY8k3Oa1k+CyrcJ0IxwkfH/x3f75jTMeCrThn6Uu8j3WeZOxvhto1Q==

"@next/swc-darwin-x64@12.2.3":
  version "12.2.3"
  resolved "https://registry.yarnpkg.com/@next/swc-darwin-x64/-/swc-darwin-x64-12.2.3.tgz#f70ce07016501c6f823035bc67296b8f80201145"
  integrity sha512-lve+lnTiddXbcT3Lh2ujOFywQSEycTYQhuf6j6JrPu9oLQGS01kjIqqSj3/KMmSoppEnXo3BxkgYu+g2+ecHkA==

"@next/swc-freebsd-x64@12.2.3":
  version "12.2.3"
  resolved "https://registry.yarnpkg.com/@next/swc-freebsd-x64/-/swc-freebsd-x64-12.2.3.tgz#ccc6fa4588dadec85458091aa19c17bc3e99a10d"
  integrity sha512-V4bZU1qBFkULTPW53phY8ypioh3EERzHu9YKAasm9RxU4dj+8c/4s60y+kbFkFEEpIUgEU6yNuYZRR4lHHbUGA==

"@next/swc-linux-arm-gnueabihf@12.2.3":
  version "12.2.3"
  resolved "https://registry.yarnpkg.com/@next/swc-linux-arm-gnueabihf/-/swc-linux-arm-gnueabihf-12.2.3.tgz#d7a481d3ede14dee85707d0807b4a05cd2300950"
  integrity sha512-MWxS/i+XSEKdQE0ZmdYkPPrWKBi4JwMVaXdOW9J/T/sZJsHsLlSC9ErBcNolKAJEVka+tnw9oPRyRCKOj+q0sw==

"@next/swc-linux-arm64-gnu@12.2.3":
  version "12.2.3"
  resolved "https://registry.yarnpkg.com/@next/swc-linux-arm64-gnu/-/swc-linux-arm64-gnu-12.2.3.tgz#6d105c971cc0957c25563aa98af475291b4cd8aa"
  integrity sha512-ikXkqAmvEcWTzIQFDdmrUHLWzdDAF5s2pVsSpQn9rk/gK1i9webH1GRQd2bSM7JLuPBZSaYrNGvDTyHZdSEYlg==

"@next/swc-linux-arm64-musl@12.2.3":
  version "12.2.3"
  resolved "https://registry.yarnpkg.com/@next/swc-linux-arm64-musl/-/swc-linux-arm64-musl-12.2.3.tgz#bebfe490130e3cb8746a03d35a5a9e23ac0e6f9b"
  integrity sha512-wE45gGFkeLLLnCoveKaBrdpYkkypl3qwNF2YhnfvfVK7etuu1O679LwClhCWinDVBr+KOkmyHok00Z+0uI1ycg==

"@next/swc-linux-x64-gnu@12.2.3":
  version "12.2.3"
  resolved "https://registry.yarnpkg.com/@next/swc-linux-x64-gnu/-/swc-linux-x64-gnu-12.2.3.tgz#84a3d99f9d656fbc139f3a19f9b1baf73877d18f"
  integrity sha512-MbFI6413VSXiREzHwYD8YAJLTknBaC+bmjXgdHEEdloeOuBFQGE3NWn3izOCTy8kV+s98VDQO8au7EKKs+bW0g==

"@next/swc-linux-x64-musl@12.2.3":
  version "12.2.3"
  resolved "https://registry.yarnpkg.com/@next/swc-linux-x64-musl/-/swc-linux-x64-musl-12.2.3.tgz#a283431f8c6c830b4bd61147094f150ea7deeb6e"
  integrity sha512-jMBD0Va6fInbPih/dNySlNY2RpjkK6MXS+UGVEvuTswl1MZr+iahvurmshwGKpjaRwVU4DSFMD8+gfWxsTFs1Q==

"@next/swc-win32-arm64-msvc@12.2.3":
  version "12.2.3"
  resolved "https://registry.yarnpkg.com/@next/swc-win32-arm64-msvc/-/swc-win32-arm64-msvc-12.2.3.tgz#bab9ba8736d81db128badb70024268469eaa9b34"
  integrity sha512-Cq8ToPdc0jQP2C7pjChYctAsEe7+lO/B826ZCK5xFzobuHPiCyJ2Mzx/nEQwCY4SpYkeJQtCbwlCz5iyGW5zGg==

"@next/swc-win32-ia32-msvc@12.2.3":
  version "12.2.3"
  resolved "https://registry.yarnpkg.com/@next/swc-win32-ia32-msvc/-/swc-win32-ia32-msvc-12.2.3.tgz#feea6ada1ba3e897f39ded9f2de5006f4e1c928b"
  integrity sha512-BtFq4c8IpeB0sDhJMHJFgm86rPkOvmYI8k3De8Y2kgNVWSeLQ0Q929PWf7e+GqcX1015ei/gEB41ZH8Iw49NzA==

"@next/swc-win32-x64-msvc@12.2.3":
  version "12.2.3"
  resolved "https://registry.yarnpkg.com/@next/swc-win32-x64-msvc/-/swc-win32-x64-msvc-12.2.3.tgz#403e1575a84c31cbd7f3c0ecd51b61bc25b7f808"
  integrity sha512-huSNb98KSG77Kl96CoPgCwom28aamuUsPpRmn/4s9L0RNbbHVSkp9E6HA4yOAykZCEuWcdNsRLbVVuAbt8rtIw==

"@skynexui/components@^1.25.0":
  version "1.25.0"
  resolved "https://registry.npmjs.org/@skynexui/components/-/components-1.25.0.tgz"
  integrity sha512-neYuTFQWfi0jb/kSvlGaJNxqKzgc809ecCda8JuhNPAqPXf+utuYaZlLbvfVtVcm0OiXebmbeuYY3Ib8OWYm1A==
  dependencies:
    "@fortawesome/fontawesome-common-types" "^0.2.36"
    "@fortawesome/fontawesome-free" "^5.15.4"
    "@fortawesome/fontawesome-svg-core" "^1.2.36"
    "@fortawesome/free-solid-svg-icons" "^5.15.4"
    "@fortawesome/react-fontawesome" "^0.1.16"
    "@testing-library/react" "^12.1.2"
    lodash "^4.17.21"
    node-fetch "^3.1.0"
    react-icons "^4.3.1"
    react-ripples "^2.2.1"

"@supabase/functions-js@^1.3.4":
  version "1.3.4"
  resolved "https://registry.yarnpkg.com/@supabase/functions-js/-/functions-js-1.3.4.tgz#44f86f7cf949baa7f1bb414f3b8c0985a19df633"
  integrity sha512-yYVgkECjv7IZEBKBI3EB5Q7R1p0FJ10g8Q9N7SWKIHUU6i6DnbEGHIMFLyQRm1hmiNWD8fL7bRVEYacmTRJhHw==
  dependencies:
    cross-fetch "^3.1.5"

"@supabase/gotrue-js@^1.22.17":
  version "1.22.21"
  resolved "https://registry.yarnpkg.com/@supabase/gotrue-js/-/gotrue-js-1.22.21.tgz#99ac0f49d72dc64a362cbc740553841aa40936a7"
  integrity sha512-AhsbBU+5j7BKSqfpLDkEcxy3ruDD+J+dHaYxXGHNWiiIJBYtK2jmNcMYA7M30MYjajnhoILJFC7LtHWl1lWj2Q==
  dependencies:
    cross-fetch "^3.0.6"

"@supabase/postgrest-js@^0.37.4":
  version "0.37.4"
  resolved "https://registry.yarnpkg.com/@supabase/postgrest-js/-/postgrest-js-0.37.4.tgz#8bc2a1353e139962dca931a8e7c8416d60b4a8ed"
  integrity sha512-x+c2rk1fz9s6f1PrGxCJ0QTUgXPDI0G3ngIqD5sSiXhhCyfl8Q5V92mXl2EYtlDhkiUkjFNrOZFhXVbXOHgvDw==
  dependencies:
    cross-fetch "^3.1.5"

"@supabase/realtime-js@^1.7.4":
  version "1.7.4"
  resolved "https://registry.yarnpkg.com/@supabase/realtime-js/-/realtime-js-1.7.4.tgz#701a4f87b3068b239d9f937ccde8850a174acf88"
  integrity sha512-h/Jk3PCLkIVonsNavof/LvHbvF41UD+D+mWcA3m8yHzJ2TLbV3S4XDYId+A3AkvFOAork7Ns/9O8rK0uY4F4zw==
  dependencies:
    "@types/phoenix" "^1.5.4"
    websocket "^1.0.34"

"@supabase/storage-js@^1.7.2":
  version "1.7.3"
  resolved "https://registry.yarnpkg.com/@supabase/storage-js/-/storage-js-1.7.3.tgz#b53cd6d289e2223919e6526364fd46977a643fbe"
  integrity sha512-jnIZWqOc9TGclOozgX9v/RWGFCgJAyW/yvmauexgRZhWknUXoA4b2i8tj7vfwE0WTvNRuA5JpXID98rfJeSG7Q==
  dependencies:
    cross-fetch "^3.1.0"

"@supabase/supabase-js@^1.35.5":
  version "1.35.5"
  resolved "https://registry.yarnpkg.com/@supabase/supabase-js/-/supabase-js-1.35.5.tgz#2d4e8589908d488ac7c507b861fa98e4103d1f50"
  integrity sha512-lAHr3Qz64lGGLtWRqnxglE8UmHooE5OrhvTSQBTJEG8Q+gU5wjAd8ilT3cyli4/beaBwF5UFLojCgWmA+EqBew==
  dependencies:
    "@supabase/functions-js" "^1.3.4"
    "@supabase/gotrue-js" "^1.22.17"
    "@supabase/postgrest-js" "^0.37.4"
    "@supabase/realtime-js" "^1.7.4"
    "@supabase/storage-js" "^1.7.2"

"@swc/helpers@0.4.3":
  version "0.4.3"
  resolved "https://registry.npmjs.org/@swc/helpers/-/helpers-0.4.3.tgz"
  integrity sha512-6JrF+fdUK2zbGpJIlN7G3v966PQjyx/dPt1T9km2wj+EUBqgrxCk3uX4Kct16MIm9gGxfKRcfax2hVf5jvlTzA==
  dependencies:
    tslib "^2.4.0"

"@testing-library/dom@^8.0.0":
  version "8.11.2"
  resolved "https://registry.npmjs.org/@testing-library/dom/-/dom-8.11.2.tgz"
  integrity sha512-idsS/cqbYudXcVWngc1PuWNmXs416oBy2g/7Q8QAUREt5Z3MUkAL2XJD7xazLJ6esDfqRDi/ZBxk+OPPXitHRw==
  dependencies:
    "@babel/code-frame" "^7.10.4"
    "@babel/runtime" "^7.12.5"
    "@types/aria-query" "^4.2.0"
    aria-query "^5.0.0"
    chalk "^4.1.0"
    dom-accessibility-api "^0.5.9"
    lz-string "^1.4.4"
    pretty-format "^27.0.2"

"@testing-library/react@^12.1.2":
  version "12.1.2"
  resolved "https://registry.npmjs.org/@testing-library/react/-/react-12.1.2.tgz"
  integrity sha512-ihQiEOklNyHIpo2Y8FREkyD1QAea054U0MVbwH1m8N9TxeFz+KoJ9LkqoKqJlzx2JDm56DVwaJ1r36JYxZM05g==
  dependencies:
    "@babel/runtime" "^7.12.5"
    "@testing-library/dom" "^8.0.0"

"@types/aria-query@^4.2.0":
  version "4.2.2"
  resolved "https://registry.npmjs.org/@types/aria-query/-/aria-query-4.2.2.tgz"
  integrity sha512-HnYpAE1Y6kRyKM/XkEuiRQhTHvkzMBurTHnpFLYLBGPIylZNPs9jJcuOOYWxPLJCSEtmZT0Y8rHDokKN7rRTig==

"@types/phoenix@^1.5.4":
  version "1.5.4"
  resolved "https://registry.yarnpkg.com/@types/phoenix/-/phoenix-1.5.4.tgz#c08a1da6d7b4e365f6a1fe1ff9aada55f5356d24"
  integrity sha512-L5eZmzw89eXBKkiqVBcJfU1QGx9y+wurRIEgt0cuLH0hwNtVUxtx+6cu0R2STwWj468sjXyBYPYDtGclUd1kjQ==

ansi-regex@^5.0.1:
  version "5.0.1"
  resolved "https://registry.npmjs.org/ansi-regex/-/ansi-regex-5.0.1.tgz"
  integrity sha512-quJQXlTSUGL2LH9SUXo8VwsY4soanhgo6LNSm84E1LBcE8s3O0wpdiRzyR9z/ZZJMlMWv37qOOb9pdJlMUEKFQ==

ansi-styles@^3.2.1:
  version "3.2.1"
  resolved "https://registry.npmjs.org/ansi-styles/-/ansi-styles-3.2.1.tgz"
  integrity sha512-VT0ZI6kZRdTh8YyJw3SMbYm/u+NqfsAxEpWO0Pf9sq8/e94WxxOpPKx9FR1FlyCtOVDNOQ+8ntlqFxiRc+r5qA==
  dependencies:
    color-convert "^1.9.0"

ansi-styles@^4.1.0:
  version "4.3.0"
  resolved "https://registry.npmjs.org/ansi-styles/-/ansi-styles-4.3.0.tgz"
  integrity sha512-zbB9rCJAT1rbjiVDb2hqKFHNYLxgtk8NURxZ3IZwD3F6NtxbXZQCnnSi1Lkx+IDohdPlFp222wVALIheZJQSEg==
  dependencies:
    color-convert "^2.0.1"

ansi-styles@^5.0.0:
  version "5.2.0"
  resolved "https://registry.npmjs.org/ansi-styles/-/ansi-styles-5.2.0.tgz"
  integrity sha512-Cxwpt2SfTzTtXcfOlzGEee8O+c+MmUgGrNiBcXnuWxuFJHe6a5Hz7qwhwe5OgaSYI0IJvkLqWX1ASG+cJOkEiA==

aria-query@^5.0.0:
  version "5.0.0"
  resolved "https://registry.npmjs.org/aria-query/-/aria-query-5.0.0.tgz"
  integrity sha512-V+SM7AbUwJ+EBnB8+DXs0hPZHO0W6pqBcc0dW90OwtVG02PswOu/teuARoLQjdDOH+t9pJgGnW5/Qmouf3gPJg==

async@~0.9.0:
  version "0.9.2"
  resolved "https://registry.npmjs.org/async/-/async-0.9.2.tgz"
  integrity sha512-l6ToIJIotphWahxxHyzK9bnLR6kM4jJIIgLShZeqLY7iboHoGkdgFl7W2/Ivi4SkMJYGKqW8vSuk0uKUj6qsSw==

bufferutil@^4.0.1:
  version "4.0.6"
  resolved "https://registry.yarnpkg.com/bufferutil/-/bufferutil-4.0.6.tgz#ebd6c67c7922a0e902f053e5d8be5ec850e48433"
  integrity sha512-jduaYOYtnio4aIAyc6UbvPCVcgq7nYpVnucyxr6eCYg/Woad9Hf/oxxBRDnGGjPfjUm6j5O/uBWhIu4iLebFaw==
  dependencies:
    node-gyp-build "^4.3.0"

caniuse-lite@^1.0.30001332:
  version "1.0.30001373"
  resolved "https://registry.npmjs.org/caniuse-lite/-/caniuse-lite-1.0.30001373.tgz"
  integrity sha512-pJYArGHrPp3TUqQzFYRmP/lwJlj8RCbVe3Gd3eJQkAV8SAC6b19XS9BjMvRdvaS8RMkaTN8ZhoHP6S1y8zzwEQ==

chalk@^2.0.0:
  version "2.4.2"
  resolved "https://registry.npmjs.org/chalk/-/chalk-2.4.2.tgz"
  integrity sha512-Mti+f9lpJNcwF4tWV8/OrTTtF1gZi+f8FqlyAdouralcFWFQWF2+NgCHShjkCb+IFBLq9buZwE1xckQU4peSuQ==
  dependencies:
    ansi-styles "^3.2.1"
    escape-string-regexp "^1.0.5"
    supports-color "^5.3.0"

chalk@^4.1.0:
  version "4.1.2"
  resolved "https://registry.npmjs.org/chalk/-/chalk-4.1.2.tgz"
  integrity sha512-oKnbhFyRIXpUuez8iBMmyEa4nbj4IOQyuhc/wy9kY7/WVPcwIO9VA668Pu8RkO7+0G76SLROeyw9CpQ061i4mA==
  dependencies:
    ansi-styles "^4.1.0"
    supports-color "^7.1.0"

color-convert@^1.9.0:
  version "1.9.3"
  resolved "https://registry.npmjs.org/color-convert/-/color-convert-1.9.3.tgz"
  integrity sha512-QfAUtd+vFdAtFQcC8CCyYt1fYWxSqAiK2cSD6zDB8N3cpsEBAvRxp9zOGg6G/SHHJYAT88/az/IuDGALsNVbGg==
  dependencies:
    color-name "1.1.3"

color-convert@^2.0.1:
  version "2.0.1"
  resolved "https://registry.npmjs.org/color-convert/-/color-convert-2.0.1.tgz"
  integrity sha512-RRECPsj7iu/xb5oKYcsFHSppFNnsj/52OVTRKb4zP5onXwVF3zVmmToNcOfGC+CRDpfK/U584fMg38ZHCaElKQ==
  dependencies:
    color-name "~1.1.4"

color-name@1.1.3:
  version "1.1.3"
  resolved "https://registry.npmjs.org/color-name/-/color-name-1.1.3.tgz"
  integrity sha1-p9BVi9icQveV3UIyj3QIMcpTvCU=

color-name@~1.1.4:
  version "1.1.4"
  resolved "https://registry.npmjs.org/color-name/-/color-name-1.1.4.tgz"
  integrity sha512-dOy+3AuW3a2wNbZHIuMZpTcgjGuLU/uBL/ubcZF9OXbDo8ff4O8yVp5Bf0efS8uEoYo5q4Fx7dY9OgQGXgAsQA==

config.json@^0.0.4:
  version "0.0.4"
  resolved "https://registry.yarnpkg.com/config.json/-/config.json-0.0.4.tgz#dc0250105dd984888c0372b2f4cabbd8a2fd1afb"
  integrity sha512-+DLkKk1/j13Pn1ZH2306KcI5aMrvbXNXFW1eWxYqjFuZaUfw1pszolMo/wnc43kxakidJNbjwcrrudFATAYFdQ==
  dependencies:
    nconf "0.7.1"

cross-fetch@^3.0.6, cross-fetch@^3.1.0, cross-fetch@^3.1.5:
  version "3.1.5"
  resolved "https://registry.yarnpkg.com/cross-fetch/-/cross-fetch-3.1.5.tgz#e1389f44d9e7ba767907f7af8454787952ab534f"
  integrity sha512-lvb1SBsI0Z7GDwmuid+mU3kWVBwTVUbe7S0H52yaaAdQOXq2YktTCZdlAcNKFzE6QtRz0snpw9bNiPeOIkkQvw==
  dependencies:
    node-fetch "2.6.7"

d@1, d@^1.0.1:
  version "1.0.1"
  resolved "https://registry.yarnpkg.com/d/-/d-1.0.1.tgz#8698095372d58dbee346ffd0c7093f99f8f9eb5a"
  integrity sha512-m62ShEObQ39CfralilEQRjH6oAMtNCV1xJyEx5LpRYUVN+EviphDgUc/F3hnYbADmkiNs67Y+3ylmlG7Lnu+FA==
  dependencies:
    es5-ext "^0.10.50"
    type "^1.0.1"

data-uri-to-buffer@^4.0.0:
  version "4.0.0"
  resolved "https://registry.npmjs.org/data-uri-to-buffer/-/data-uri-to-buffer-4.0.0.tgz"
  integrity sha512-Vr3mLBA8qWmcuschSLAOogKgQ/Jwxulv3RNE4FXnYWRGujzrRWQI4m12fQqRkwX06C0KanhLr4hK+GydchZsaA==

debug@^2.2.0:
  version "2.6.9"
  resolved "https://registry.yarnpkg.com/debug/-/debug-2.6.9.tgz#5d128515df134ff327e90a4c93f4e077a536341f"
  integrity sha512-bC7ElrdJaJnPbAP+1EotYvqZsb3ecl5wi6Bfi6BJTUcNowp6cvspg0jXznRTKDjm/E7AdgFBVeAPVMNcKGsHMA==
  dependencies:
    ms "2.0.0"

dom-accessibility-api@^0.5.9:
  version "0.5.10"
  resolved "https://registry.npmjs.org/dom-accessibility-api/-/dom-accessibility-api-0.5.10.tgz"
  integrity sha512-Xu9mD0UjrJisTmv7lmVSDMagQcU9R5hwAbxsaAE/35XPnPLJobbuREfV/rraiSaEj/UOvgrzQs66zyTWTlyd+g==

es5-ext@^0.10.35, es5-ext@^0.10.50:
  version "0.10.62"
  resolved "https://registry.yarnpkg.com/es5-ext/-/es5-ext-0.10.62.tgz#5e6adc19a6da524bf3d1e02bbc8960e5eb49a9a5"
  integrity sha512-BHLqn0klhEpnOKSrzn/Xsz2UIW8j+cGmo9JLzr8BiUapV8hPL9+FliFqjwr9ngW7jWdnxv6eO+/LqyhJVqgrjA==
  dependencies:
    es6-iterator "^2.0.3"
    es6-symbol "^3.1.3"
    next-tick "^1.1.0"

es6-iterator@^2.0.3:
  version "2.0.3"
  resolved "https://registry.yarnpkg.com/es6-iterator/-/es6-iterator-2.0.3.tgz#a7de889141a05a94b0854403b2d0a0fbfa98f3b7"
  integrity sha512-zw4SRzoUkd+cl+ZoE15A9o1oQd920Bb0iOJMQkQhl3jNc03YqVjAhG7scf9C5KWRU/R13Orf588uCC6525o02g==
  dependencies:
    d "1"
    es5-ext "^0.10.35"
    es6-symbol "^3.1.1"

es6-symbol@^3.1.1, es6-symbol@^3.1.3:
  version "3.1.3"
  resolved "https://registry.yarnpkg.com/es6-symbol/-/es6-symbol-3.1.3.tgz#bad5d3c1bcdac28269f4cb331e431c78ac705d18"
  integrity sha512-NJ6Yn3FuDinBaBRWl/q5X/s4koRHBrgKAu+yGI6JCBeiu3qrcbJhwT2GeR/EXVfylRk8dpQVJoLEFhK+Mu31NA==
  dependencies:
    d "^1.0.1"
    ext "^1.1.2"

escape-string-regexp@^1.0.5:
  version "1.0.5"
  resolved "https://registry.npmjs.org/escape-string-regexp/-/escape-string-regexp-1.0.5.tgz"
  integrity sha1-G2HAViGQqN/2rjuyzwIAyhMLhtQ=

ext@^1.1.2:
  version "1.6.0"
  resolved "https://registry.yarnpkg.com/ext/-/ext-1.6.0.tgz#3871d50641e874cc172e2b53f919842d19db4c52"
  integrity sha512-sdBImtzkq2HpkdRLtlLWDa6w4DX22ijZLKx8BMPUuKe1c5lbN6xwQDQCxSfxBQnHZ13ls/FH0MQZx/q/gr6FQg==
  dependencies:
    type "^2.5.0"

fetch-blob@^3.1.2, fetch-blob@^3.1.3:
  version "3.1.3"
  resolved "https://registry.npmjs.org/fetch-blob/-/fetch-blob-3.1.3.tgz"
  integrity sha512-ax1Y5I9w+9+JiM+wdHkhBoxew+zG4AJ2SvAD1v1szpddUIiPERVGBxrMcB2ZqW0Y3PP8bOWYv2zqQq1Jp2kqUQ==
  dependencies:
    web-streams-polyfill "^3.0.3"

formdata-polyfill@^4.0.10:
  version "4.0.10"
  resolved "https://registry.npmjs.org/formdata-polyfill/-/formdata-polyfill-4.0.10.tgz"
  integrity sha512-buewHzMvYL29jdeQTVILecSaZKnt/RJWjoZCF5OW60Z67/GmSLBkOFM7qh1PI3zFNtJbaZL5eQu1vLfazOwj4g==
  dependencies:
    fetch-blob "^3.1.2"

has-flag@^3.0.0:
  version "3.0.0"
  resolved "https://registry.npmjs.org/has-flag/-/has-flag-3.0.0.tgz"
  integrity sha1-tdRU3CGZriJWmfNGfloH87lVuv0=

has-flag@^4.0.0:
  version "4.0.0"
  resolved "https://registry.npmjs.org/has-flag/-/has-flag-4.0.0.tgz"
  integrity sha512-EykJT/Q1KjTWctppgIAgfSO0tKVuZUjhgMr17kqTumMl6Afv3EISleU7qZUzoXDFTAHTDC4NOoG/ZxU3EvlMPQ==

ini@1.x.x:
  version "1.3.8"
  resolved "https://registry.npmjs.org/ini/-/ini-1.3.8.tgz"
  integrity sha512-JV/yugV2uzW5iMRSiZAyDtQd+nxtUnjeLt0acNdw98kKLrvuRVyB80tsREOE7yvGVgalhZ6RNXCmEHkUKBKxew==

is-typedarray@^1.0.0:
  version "1.0.0"
  resolved "https://registry.yarnpkg.com/is-typedarray/-/is-typedarray-1.0.0.tgz#e479c80858df0c1b11ddda6940f96011fcda4a9a"
  integrity sha512-cyA56iCMHAh5CdzjJIa4aohJyeO1YbwLi3Jc35MmRU6poroFjIGZzUzupGiRPOjgHg9TLu43xbpwXk523fMxKA==

"js-tokens@^3.0.0 || ^4.0.0", js-tokens@^4.0.0:
  version "4.0.0"
  resolved "https://registry.npmjs.org/js-tokens/-/js-tokens-4.0.0.tgz"
  integrity sha512-RdJUflcE3cUzKiMqQgsCu06FPu9UdIJO0beYbPhHN4k6apgJtifcoCtT9bcxOpYBtpD2kCM6Sbzg4CausW/PKQ==

lodash@^4.17.21:
  version "4.17.21"
  resolved "https://registry.npmjs.org/lodash/-/lodash-4.17.21.tgz"
  integrity sha512-v2kDEe57lecTulaDIuNTPy3Ry4gLGJ6Z1O3vE1krgXZNrsQ+LFTGHVxVjcXPs17LhbZVGedAJv8XZ1tvj5FvSg==

loose-envify@^1.1.0, loose-envify@^1.4.0:
  version "1.4.0"
  resolved "https://registry.npmjs.org/loose-envify/-/loose-envify-1.4.0.tgz"
  integrity sha512-lyuxPGr/Wfhrlem2CL/UcnUc1zcqKAImBDzukY7Y5F/yQiNdko6+fRLevlw1HgMySw7f611UIY408EtxRSoK3Q==
  dependencies:
    js-tokens "^3.0.0 || ^4.0.0"

lz-string@^1.4.4:
  version "1.4.4"
  resolved "https://registry.npmjs.org/lz-string/-/lz-string-1.4.4.tgz"
  integrity sha1-wNjq82BZ9wV5bh40SBHPTEmNOiY=

minimist@~0.0.1:
  version "0.0.10"
  resolved "https://registry.npmjs.org/minimist/-/minimist-0.0.10.tgz"
  integrity sha512-iotkTvxc+TwOm5Ieim8VnSNvCDjCK9S8G3scJ50ZthspSxa7jx50jkhYduuAtAjvfDUwSgOwf8+If99AlOEhyw==

ms@2.0.0:
  version "2.0.0"
  resolved "https://registry.yarnpkg.com/ms/-/ms-2.0.0.tgz#5608aeadfc00be6c2901df5f9861788de0d597c8"
  integrity sha512-Tpp60P6IUJDTuOq/5Z8cdskzJujfwqfOTkrwIwj7IRISpnkJnT6SyJ4PCPnGMoFjC9ddhal5KVIYtAt97ix05A==

nanoid@^3.3.4:
  version "3.3.4"
  resolved "https://registry.npmjs.org/nanoid/-/nanoid-3.3.4.tgz"
  integrity sha512-MqBkQh/OHTS2egovRtLk45wEyNXwF+cokD+1YPf9u5VfJiRdAiRwB2froX5Co9Rh20xs4siNPm8naNotSD6RBw==

nconf@0.7.1:
  version "0.7.1"
  resolved "https://registry.npmjs.org/nconf/-/nconf-0.7.1.tgz"
  integrity sha512-3JU/ALg8ANPLN78QXn3qBfyY7KIu+auNG8U49qo2Pwf0HvwvoQyxxTza1FnGo6cTtHqn6hjAN+KBCf34/w+new==
  dependencies:
    async "~0.9.0"
    ini "1.x.x"
    optimist "~0.6.0"

next-tick@^1.1.0:
  version "1.1.0"
  resolved "https://registry.yarnpkg.com/next-tick/-/next-tick-1.1.0.tgz#1836ee30ad56d67ef281b22bd199f709449b35eb"
  integrity sha512-CXdUiJembsNjuToQvxayPZF9Vqht7hewsvy2sOWafLvi2awflj9mOC6bHIg50orX8IJvWKY9wYQ/zB2kogPslQ==

next@^12.0.7:
  version "12.2.3"
  resolved "https://registry.npmjs.org/next/-/next-12.2.3.tgz"
  integrity sha512-TA0tmSA6Dk6S6kfvCNbF7CWYW8468gZUxr/3/30z4KvAQbXnl2ASYZElVe7q/hBW/1F1ee0tSBlHa4/sn+ZIBw==
  dependencies:
    "@next/env" "12.2.3"
    "@swc/helpers" "0.4.3"
    caniuse-lite "^1.0.30001332"
    postcss "8.4.14"
    styled-jsx "5.0.2"
    use-sync-external-store "1.2.0"
  optionalDependencies:
    "@next/swc-android-arm-eabi" "12.2.3"
    "@next/swc-android-arm64" "12.2.3"
    "@next/swc-darwin-arm64" "12.2.3"
    "@next/swc-darwin-x64" "12.2.3"
    "@next/swc-freebsd-x64" "12.2.3"
    "@next/swc-linux-arm-gnueabihf" "12.2.3"
    "@next/swc-linux-arm64-gnu" "12.2.3"
    "@next/swc-linux-arm64-musl" "12.2.3"
    "@next/swc-linux-x64-gnu" "12.2.3"
    "@next/swc-linux-x64-musl" "12.2.3"
    "@next/swc-win32-arm64-msvc" "12.2.3"
    "@next/swc-win32-ia32-msvc" "12.2.3"
    "@next/swc-win32-x64-msvc" "12.2.3"

node-fetch@2.6.7:
  version "2.6.7"
  resolved "https://registry.yarnpkg.com/node-fetch/-/node-fetch-2.6.7.tgz#24de9fba827e3b4ae44dc8b20256a379160052ad"
  integrity sha512-ZjMPFEfVx5j+y2yF35Kzx5sF7kDzxuDj6ziH4FFbOp87zKDZNx8yExJIb05OGF4Nlt9IHFIMBkRl41VdvcNdbQ==
  dependencies:
    whatwg-url "^5.0.0"

node-fetch@^3.1.0:
  version "3.1.1"
  resolved "https://registry.npmjs.org/node-fetch/-/node-fetch-3.1.1.tgz"
  integrity sha512-SMk+vKgU77PYotRdWzqZGTZeuFKlsJ0hu4KPviQKkfY+N3vn2MIzr0rvpnYpR8MtB3IEuhlEcuOLbGvLRlA+yg==
  dependencies:
    data-uri-to-buffer "^4.0.0"
    fetch-blob "^3.1.3"
    formdata-polyfill "^4.0.10"

node-gyp-build@^4.3.0:
  version "4.5.0"
  resolved "https://registry.yarnpkg.com/node-gyp-build/-/node-gyp-build-4.5.0.tgz#7a64eefa0b21112f89f58379da128ac177f20e40"
  integrity sha512-2iGbaQBV+ITgCz76ZEjmhUKAKVf7xfY1sRl4UiKQspfZMH2h06SyhNsnSVy50cwkFQDGLyif6m/6uFXHkOZ6rg==

object-assign@^4.1.1:
  version "4.1.1"
  resolved "https://registry.npmjs.org/object-assign/-/object-assign-4.1.1.tgz"
  integrity sha1-IQmtx5ZYh8/AXLvUQsrIv7s2CGM=

optimist@~0.6.0:
  version "0.6.1"
  resolved "https://registry.npmjs.org/optimist/-/optimist-0.6.1.tgz"
  integrity sha512-snN4O4TkigujZphWLN0E//nQmm7790RYaE53DdL7ZYwee2D8DDo9/EyYiKUfN3rneWUjhJnueija3G9I2i0h3g==
  dependencies:
    minimist "~0.0.1"
    wordwrap "~0.0.2"

picocolors@^1.0.0:
  version "1.0.0"
  resolved "https://registry.npmjs.org/picocolors/-/picocolors-1.0.0.tgz"
  integrity sha512-1fygroTLlHu66zi26VoTDv8yRgm0Fccecssto+MhsZ0D/DGW2sm8E8AjW7NU5VVTRt5GxbeZ5qBuJr+HyLYkjQ==

postcss@8.4.14:
  version "8.4.14"
  resolved "https://registry.npmjs.org/postcss/-/postcss-8.4.14.tgz"
  integrity sha512-E398TUmfAYFPBSdzgeieK2Y1+1cpdxJx8yXbK/m57nRhKSmk1GB2tO4lbLBtlkfPQTDKfe4Xqv1ASWPpayPEig==
  dependencies:
    nanoid "^3.3.4"
    picocolors "^1.0.0"
    source-map-js "^1.0.2"

pretty-format@^27.0.2:
  version "27.4.6"
  resolved "https://registry.npmjs.org/pretty-format/-/pretty-format-27.4.6.tgz"
  integrity sha512-NblstegA1y/RJW2VyML+3LlpFjzx62cUrtBIKIWDXEDkjNeleA7Od7nrzcs/VLQvAeV4CgSYhrN39DRN88Qi/g==
  dependencies:
    ansi-regex "^5.0.1"
    ansi-styles "^5.0.0"
    react-is "^17.0.1"

prop-types@^15.7.2:
  version "15.8.1"
  resolved "https://registry.npmjs.org/prop-types/-/prop-types-15.8.1.tgz"
  integrity sha512-oj87CgZICdulUohogVAR7AjlC0327U4el4L6eAvOqCeudMDVU0NThNaV+b9Df4dXgSP1gXMTnPdhfe/2qDH5cg==
  dependencies:
    loose-envify "^1.4.0"
    object-assign "^4.1.1"
    react-is "^16.13.1"

react-dom@^17.0.2:
  version "17.0.2"
  resolved "https://registry.npmjs.org/react-dom/-/react-dom-17.0.2.tgz"
  integrity sha512-s4h96KtLDUQlsENhMn1ar8t2bEa+q/YAtj8pPPdIjPDGBDIVNsrD9aXNWqspUe6AzKCIG0C1HZZLqLV7qpOBGA==
  dependencies:
    loose-envify "^1.1.0"
    object-assign "^4.1.1"
    scheduler "^0.20.2"

react-icons@^4.3.1:
  version "4.3.1"
  resolved "https://registry.npmjs.org/react-icons/-/react-icons-4.3.1.tgz"
  integrity sha512-cB10MXLTs3gVuXimblAdI71jrJx8njrJZmNMEMC+sQu5B/BIOmlsAjskdqpn81y8UBVEGuHODd7/ci5DvoSzTQ==

react-is@^16.13.1:
  version "16.13.1"
  resolved "https://registry.npmjs.org/react-is/-/react-is-16.13.1.tgz"
  integrity sha512-24e6ynE2H+OKt4kqsOvNd8kBpV65zoxbA4BVsEOB3ARVWQki/DHzaUoC5KuON/BiccDaCCTZBuOcfZs70kR8bQ==

react-is@^17.0.1:
  version "17.0.2"
  resolved "https://registry.npmjs.org/react-is/-/react-is-17.0.2.tgz"
  integrity sha512-w2GsyukL62IJnlaff/nRegPQR94C/XXamvMWmSHRJ4y7Ts/4ocGRmTHvOs8PSE6pB3dWOrD/nueuU5sduBsQ4w==

react-ripples@^2.2.1:
  version "2.2.1"
  resolved "https://registry.npmjs.org/react-ripples/-/react-ripples-2.2.1.tgz"
  integrity sha512-TfLjgZICQlsYCN2iX4fdeZNjoDzhJVC7r+R3irqyaNvCtWezouS9j+sE+nwSk747irtV8RKRDHmwMmsNBOw8Qg==

react@^17.0.2:
  version "17.0.2"
  resolved "https://registry.npmjs.org/react/-/react-17.0.2.tgz"
  integrity sha512-gnhPt75i/dq/z3/6q/0asP78D0u592D5L1pd7M8P+dck6Fu/jJeL6iVVK23fptSUZj8Vjf++7wXA8UNclGQcbA==
  dependencies:
    loose-envify "^1.1.0"
    object-assign "^4.1.1"

regenerator-runtime@^0.13.4:
  version "0.13.9"
  resolved "https://registry.npmjs.org/regenerator-runtime/-/regenerator-runtime-0.13.9.tgz"
  integrity sha512-p3VT+cOEgxFsRRA9X4lkI1E+k2/CtnKtU4gcxyaCUreilL/vqI6CdZ3wxVUx3UOUg+gnUOQQcRI7BmSI656MYA==

scheduler@^0.20.2:
  version "0.20.2"
  resolved "https://registry.npmjs.org/scheduler/-/scheduler-0.20.2.tgz"
  integrity sha512-2eWfGgAqqWFGqtdMmcL5zCMK1U8KlXv8SQFGglL3CEtd0aDVDWgeF/YoCmvln55m5zSk3J/20hTaSBeSObsQDQ==
  dependencies:
    loose-envify "^1.1.0"
    object-assign "^4.1.1"

source-map-js@^1.0.2:
  version "1.0.2"
  resolved "https://registry.npmjs.org/source-map-js/-/source-map-js-1.0.2.tgz"
  integrity sha512-R0XvVJ9WusLiqTCEiGCmICCMplcCkIwwR11mOSD9CR5u+IXYdiseeEuXCVAjS54zqwkLcPNnmU4OeJ6tUrWhDw==

styled-jsx@5.0.2:
  version "5.0.2"
  resolved "https://registry.npmjs.org/styled-jsx/-/styled-jsx-5.0.2.tgz"
  integrity sha512-LqPQrbBh3egD57NBcHET4qcgshPks+yblyhPlH2GY8oaDgKs8SK4C3dBh3oSJjgzJ3G5t1SYEZGHkP+QEpX9EQ==

supports-color@^5.3.0:
  version "5.5.0"
  resolved "https://registry.npmjs.org/supports-color/-/supports-color-5.5.0.tgz"
  integrity sha512-QjVjwdXIt408MIiAqCX4oUKsgU2EqAGzs2Ppkm4aQYbjm+ZEWEcW4SfFNTr4uMNZma0ey4f5lgLrkB0aX0QMow==
  dependencies:
    has-flag "^3.0.0"

supports-color@^7.1.0:
  version "7.2.0"
  resolved "https://registry.npmjs.org/supports-color/-/supports-color-7.2.0.tgz"
  integrity sha512-qpCAvRl9stuOHveKsn7HncJRvv501qIacKzQlO/+Lwxc9+0q2wLyv4Dfvt80/DPn2pqOBsJdDiogXGR9+OvwRw==
  dependencies:
    has-flag "^4.0.0"

tr46@~0.0.3:
  version "0.0.3"
  resolved "https://registry.yarnpkg.com/tr46/-/tr46-0.0.3.tgz#8184fd347dac9cdc185992f3a6622e14b9d9ab6a"
  integrity sha512-N3WMsuqV66lT30CrXNbEjx4GEwlow3v6rr4mCcv6prnfwhS01rkgyFdjPNBYd9br7LpXV1+Emh01fHnq2Gdgrw==

tslib@^2.4.0:
  version "2.4.0"
  resolved "https://registry.npmjs.org/tslib/-/tslib-2.4.0.tgz"
  integrity sha512-d6xOpEDfsi2CZVlPQzGeux8XMwLT9hssAsaPYExaQMuYskwb+x1x7J371tWlbBdWHroy99KnVB6qIkUbs5X3UQ==

type@^1.0.1:
  version "1.2.0"
  resolved "https://registry.yarnpkg.com/type/-/type-1.2.0.tgz#848dd7698dafa3e54a6c479e759c4bc3f18847a0"
  integrity sha512-+5nt5AAniqsCnu2cEQQdpzCAh33kVx8n0VoFidKpB1dVVLAN/F+bgVOqOJqOnEnrhp222clB5p3vUlD+1QAnfg==

type@^2.5.0:
  version "2.7.0"
  resolved "https://registry.yarnpkg.com/type/-/type-2.7.0.tgz#aaff4ac90514e0dc1095b54af70505ef16cf00a2"
  integrity sha512-NybX0NBIssNEj1efLf1mqKAtO4Q/Np5mqpa57be81ud7/tNHIXn48FDVXiyGMBF90FfXc5o7RPsuRQrPzgMOMA==

typedarray-to-buffer@^3.1.5:
  version "3.1.5"
  resolved "https://registry.yarnpkg.com/typedarray-to-buffer/-/typedarray-to-buffer-3.1.5.tgz#a97ee7a9ff42691b9f783ff1bc5112fe3fca9080"
  integrity sha512-zdu8XMNEDepKKR+XYOXAVPtWui0ly0NtohUscw+UmaHiAWT8hrV1rr//H6V+0DvJ3OQ19S979M0laLfX8rm82Q==
  dependencies:
    is-typedarray "^1.0.0"

use-sync-external-store@1.2.0:
  version "1.2.0"
  resolved "https://registry.npmjs.org/use-sync-external-store/-/use-sync-external-store-1.2.0.tgz"
  integrity sha512-eEgnFxGQ1Ife9bzYs6VLi8/4X6CObHMw9Qr9tPY43iKwsPw8xE8+EFsf/2cFZ5S3esXgpWgtSCtLNS41F+sKPA==

utf-8-validate@^5.0.2:
  version "5.0.9"
  resolved "https://registry.yarnpkg.com/utf-8-validate/-/utf-8-validate-5.0.9.tgz#ba16a822fbeedff1a58918f2a6a6b36387493ea3"
  integrity sha512-Yek7dAy0v3Kl0orwMlvi7TPtiCNrdfHNd7Gcc/pLq4BLXqfAmd0J7OWMizUQnTTJsyjKn02mU7anqwfmUP4J8Q==
  dependencies:
    node-gyp-build "^4.3.0"

web-streams-polyfill@^3.0.3:
  version "3.2.0"
  resolved "https://registry.npmjs.org/web-streams-polyfill/-/web-streams-polyfill-3.2.0.tgz"
  integrity sha512-EqPmREeOzttaLRm5HS7io98goBgZ7IVz79aDvqjD0kYXLtFZTc0T/U6wHTPKyIjb+MdN7DFIIX6hgdBEpWmfPA==

webidl-conversions@^3.0.0:
  version "3.0.1"
  resolved "https://registry.yarnpkg.com/webidl-conversions/-/webidl-conversions-3.0.1.tgz#24534275e2a7bc6be7bc86611cc16ae0a5654871"
  integrity sha512-2JAn3z8AR6rjK8Sm8orRC0h/bcl/DqL7tRPdGZ4I1CjdF+EaMLmYxBHyXuKL849eucPFhvBoxMsflfOb8kxaeQ==

websocket@^1.0.34:
  version "1.0.34"
  resolved "https://registry.yarnpkg.com/websocket/-/websocket-1.0.34.tgz#2bdc2602c08bf2c82253b730655c0ef7dcab3111"
  integrity sha512-PRDso2sGwF6kM75QykIesBijKSVceR6jL2G8NGYyq2XrItNC2P5/qL5XeR056GhA+Ly7JMFvJb9I312mJfmqnQ==
  dependencies:
    bufferutil "^4.0.1"
    debug "^2.2.0"
    es5-ext "^0.10.50"
    typedarray-to-buffer "^3.1.5"
    utf-8-validate "^5.0.2"
    yaeti "^0.0.6"

whatwg-url@^5.0.0:
  version "5.0.0"
  resolved "https://registry.yarnpkg.com/whatwg-url/-/whatwg-url-5.0.0.tgz#966454e8765462e37644d3626f6742ce8b70965d"
  integrity sha512-saE57nupxk6v3HY35+jzBwYa0rKSy0XR8JSxZPwgLr7ys0IBzhGviA1/TUGJLmSVqs8pb9AnvICXEuOHLprYTw==
  dependencies:
    tr46 "~0.0.3"
    webidl-conversions "^3.0.0"

wordwrap@~0.0.2:
  version "0.0.3"
  resolved "https://registry.npmjs.org/wordwrap/-/wordwrap-0.0.3.tgz"
  integrity sha512-1tMA907+V4QmxV7dbRvb4/8MaRALK6q9Abid3ndMYnbyo8piisCmeONVqVSXqQA3KaP4SLt5b7ud6E2sqP8TFw==

yaeti@^0.0.6:
  version "0.0.6"
  resolved "https://registry.yarnpkg.com/yaeti/-/yaeti-0.0.6.tgz#f26f484d72684cf42bedfb76970aa1608fbf9577"
  integrity sha512-MvQa//+KcZCUkBTIC9blM+CU9J2GzuTytsOUwf2lidtvkx/6gnEp1QvJv34t9vdjhFmha/mUiNDbN0D0mJWdug==
